
Microsoft Visual Studio Solution File, Format Version 12.00
# Visual Studio Version 17
VisualStudioVersion = 17.6.33815.320
MinimumVisualStudioVersion = 10.0.40219.1
Project("{FAE04EC0-301F-11D3-BF4B-00C04F79EFBC}") = "RAD Project", "RAD Project.csproj", "{F8D22B6F-05D2-4965-97B4-B9BB51AE7544}"
EndProject
Global
	GlobalSection(SolutionConfigurationPlatforms) = preSolution
		Debug|Any CPU = Debug|Any CPU
		Release|Any CPU = Release|Any CPU
	EndGlobalSection
	GlobalSection(ProjectConfigurationPlatforms) = postSolution
		{F8D22B6F-05D2-4965-97B4-B9BB51AE7544}.Debug|Any CPU.ActiveCfg = Debug|Any CPU
		{F8D22B6F-05D2-4965-97B4-B9BB51AE7544}.Debug|Any CPU.Build.0 = Debug|Any CPU
		{F8D22B6F-05D2-4965-97B4-B9BB51AE7544}.Release|Any CPU.ActiveCfg = Release|Any CPU
		{F8D22B6F-05D2-4965-97B4-B9BB51AE7544}.Release|Any CPU.Build.0 = Release|Any CPU
	EndGlobalSection
	GlobalSection(SolutionProperties) = preSolution
		HideSolutionNode = FALSE
	EndGlobalSection
	GlobalSection(ExtensibilityGlobals) = postSolution
		SolutionGuid = {A18EB449-5C2A-4CED-978F-1BD50C556A0E}
	EndGlobalSection
EndGlobal
